
Microsoft Visual Studio Solution File, Format Version 12.00
# Visual Studio 2012
Project("{8BC9CEB8-8B4A-11D0-8D11-00A0C91BC942}") = "msvs-2012-project", "msvs-2012-project\msvs-2012-project.vcxproj", "{B9F0652D-D4CE-4C10-B613-266B3CE42388}"
EndProject
Global
	GlobalSection(SolutionConfigurationPlatforms) = preSolution
		Debug|Win32 = Debug|Win32
		Release|Win32 = Release|Win32
	EndGlobalSection
	GlobalSection(ProjectConfigurationPlatforms) = postSolution
		{B9F0652D-D4CE-4C10-B613-266B3CE42388}.Debug|Win32.ActiveCfg = Debug|Win32
		{B9F0652D-D4CE-4C10-B613-266B3CE42388}.Debug|Win32.Build.0 = Debug|Win32
		{B9F0652D-D4CE-4C10-B613-266B3CE42388}.Release|Win32.ActiveCfg = Release|Win32
		{B9F0652D-D4CE-4C10-B613-266B3CE42388}.Release|Win32.Build.0 = Release|Win32
	EndGlobalSection
	GlobalSection(SolutionProperties) = preSolution
		HideSolutionNode = FALSE
	EndGlobalSection
EndGlobal
